
Microsoft Visual Studio Solution File, Format Version 12.00
# Visual Studio Version 17
VisualStudioVersion = 17.11.35327.3
MinimumVisualStudioVersion = 10.0.40219.1
Project("{8BC9CEB8-8B4A-11D0-8D11-00A0C91BC942}") = "Лабораторна робота 14 завдання2", "Лабораторна робота 14 завдання2\Лабораторна робота 14 завдання2.vcxproj", "{3F5D55BA-1826-4AC7-846E-1340EB8448CD}"
EndProject
Global
	GlobalSection(SolutionConfigurationPlatforms) = preSolution
		Debug|x64 = Debug|x64
		Debug|x86 = Debug|x86
		Release|x64 = Release|x64
		Release|x86 = Release|x86
	EndGlobalSection
	GlobalSection(ProjectConfigurationPlatforms) = postSolution
		{3F5D55BA-1826-4AC7-846E-1340EB8448CD}.Debug|x64.ActiveCfg = Debug|x64
		{3F5D55BA-1826-4AC7-846E-1340EB8448CD}.Debug|x64.Build.0 = Debug|x64
		{3F5D55BA-1826-4AC7-846E-1340EB8448CD}.Debug|x86.ActiveCfg = Debug|Win32
		{3F5D55BA-1826-4AC7-846E-1340EB8448CD}.Debug|x86.Build.0 = Debug|Win32
		{3F5D55BA-1826-4AC7-846E-1340EB8448CD}.Release|x64.ActiveCfg = Release|x64
		{3F5D55BA-1826-4AC7-846E-1340EB8448CD}.Release|x64.Build.0 = Release|x64
		{3F5D55BA-1826-4AC7-846E-1340EB8448CD}.Release|x86.ActiveCfg = Release|Win32
		{3F5D55BA-1826-4AC7-846E-1340EB8448CD}.Release|x86.Build.0 = Release|Win32
	EndGlobalSection
	GlobalSection(SolutionProperties) = preSolution
		HideSolutionNode = FALSE
	EndGlobalSection
	GlobalSection(ExtensibilityGlobals) = postSolution
		SolutionGuid = {EF2AB94A-1D33-46E0-9399-F417C922A311}
	EndGlobalSection
EndGlobal
